
Microsoft Visual Studio Solution File, Format Version 12.00
# Visual Studio Version 16
VisualStudioVersion = 16.0.31005.135
MinimumVisualStudioVersion = 10.0.40219.1
Project("{9A19103F-16F7-4668-BE54-9A1E7A4F7556}") = "Baser", "Baser.csproj", "{75BCC1AA-D57E-4BDD-B230-1E585ABAB463}"
EndProject
Project("{C7167F0D-BC9F-4E6E-AFE1-012C56B48DB5}") = "BaserPackage", "..\BaserPackage\BaserPackage.wapproj", "{751206E9-6288-4758-94A8-7B8B159523F3}"
EndProject
Global
	GlobalSection(SolutionConfigurationPlatforms) = preSolution
		Debug|Any CPU = Debug|Any CPU
		Debug|ARM = Debug|ARM
		Debug|ARM64 = Debug|ARM64
		Debug|x64 = Debug|x64
		Debug|x86 = Debug|x86
		Release|Any CPU = Release|Any CPU
		Release|ARM = Release|ARM
		Release|ARM64 = Release|ARM64
		Release|x64 = Release|x64
		Release|x86 = Release|x86
	EndGlobalSection
	GlobalSection(ProjectConfigurationPlatforms) = postSolution
		{75BCC1AA-D57E-4BDD-B230-1E585ABAB463}.Debug|Any CPU.ActiveCfg = Debug|Any CPU
		{75BCC1AA-D57E-4BDD-B230-1E585ABAB463}.Debug|Any CPU.Build.0 = Debug|Any CPU
		{75BCC1AA-D57E-4BDD-B230-1E585ABAB463}.Debug|ARM.ActiveCfg = Debug|Any CPU
		{75BCC1AA-D57E-4BDD-B230-1E585ABAB463}.Debug|ARM.Build.0 = Debug|Any CPU
		{75BCC1AA-D57E-4BDD-B230-1E585ABAB463}.Debug|ARM64.ActiveCfg = Debug|Any CPU
		{75BCC1AA-D57E-4BDD-B230-1E585ABAB463}.Debug|ARM64.Build.0 = Debug|Any CPU
		{75BCC1AA-D57E-4BDD-B230-1E585ABAB463}.Debug|x64.ActiveCfg = Debug|x64
		{75BCC1AA-D57E-4BDD-B230-1E585ABAB463}.Debug|x64.Build.0 = Debug|x64
		{75BCC1AA-D57E-4BDD-B230-1E585ABAB463}.Debug|x86.ActiveCfg = Debug|x86
		{75BCC1AA-D57E-4BDD-B230-1E585ABAB463}.Debug|x86.Build.0 = Debug|x86
		{75BCC1AA-D57E-4BDD-B230-1E585ABAB463}.Release|Any CPU.ActiveCfg = Release|Any CPU
		{75BCC1AA-D57E-4BDD-B230-1E585ABAB463}.Release|Any CPU.Build.0 = Release|Any CPU
		{75BCC1AA-D57E-4BDD-B230-1E585ABAB463}.Release|ARM.ActiveCfg = Release|Any CPU
		{75BCC1AA-D57E-4BDD-B230-1E585ABAB463}.Release|ARM.Build.0 = Release|Any CPU
		{75BCC1AA-D57E-4BDD-B230-1E585ABAB463}.Release|ARM64.ActiveCfg = Release|Any CPU
		{75BCC1AA-D57E-4BDD-B230-1E585ABAB463}.Release|ARM64.Build.0 = Release|Any CPU
		{75BCC1AA-D57E-4BDD-B230-1E585ABAB463}.Release|x64.ActiveCfg = Release|x64
		{75BCC1AA-D57E-4BDD-B230-1E585ABAB463}.Release|x64.Build.0 = Release|x64
		{75BCC1AA-D57E-4BDD-B230-1E585ABAB463}.Release|x86.ActiveCfg = Release|x86
		{75BCC1AA-D57E-4BDD-B230-1E585ABAB463}.Release|x86.Build.0 = Release|x86
		{751206E9-6288-4758-94A8-7B8B159523F3}.Debug|Any CPU.ActiveCfg = Debug|Any CPU
		{751206E9-6288-4758-94A8-7B8B159523F3}.Debug|Any CPU.Build.0 = Debug|Any CPU
		{751206E9-6288-4758-94A8-7B8B159523F3}.Debug|Any CPU.Deploy.0 = Debug|Any CPU
		{751206E9-6288-4758-94A8-7B8B159523F3}.Debug|ARM.ActiveCfg = Debug|ARM
		{751206E9-6288-4758-94A8-7B8B159523F3}.Debug|ARM.Build.0 = Debug|ARM
		{751206E9-6288-4758-94A8-7B8B159523F3}.Debug|ARM.Deploy.0 = Debug|ARM
		{751206E9-6288-4758-94A8-7B8B159523F3}.Debug|ARM64.ActiveCfg = Debug|ARM64
		{751206E9-6288-4758-94A8-7B8B159523F3}.Debug|ARM64.Build.0 = Debug|ARM64
		{751206E9-6288-4758-94A8-7B8B159523F3}.Debug|ARM64.Deploy.0 = Debug|ARM64
		{751206E9-6288-4758-94A8-7B8B159523F3}.Debug|x64.ActiveCfg = Debug|x64
		{751206E9-6288-4758-94A8-7B8B159523F3}.Debug|x64.Build.0 = Debug|x64
		{751206E9-6288-4758-94A8-7B8B159523F3}.Debug|x64.Deploy.0 = Debug|x64
		{751206E9-6288-4758-94A8-7B8B159523F3}.Debug|x86.ActiveCfg = Debug|x86
		{751206E9-6288-4758-94A8-7B8B159523F3}.Debug|x86.Build.0 = Debug|x86
		{751206E9-6288-4758-94A8-7B8B159523F3}.Debug|x86.Deploy.0 = Debug|x86
		{751206E9-6288-4758-94A8-7B8B159523F3}.Release|Any CPU.ActiveCfg = Release|Any CPU
		{751206E9-6288-4758-94A8-7B8B159523F3}.Release|Any CPU.Build.0 = Release|Any CPU
		{751206E9-6288-4758-94A8-7B8B159523F3}.Release|Any CPU.Deploy.0 = Release|Any CPU
		{751206E9-6288-4758-94A8-7B8B159523F3}.Release|ARM.ActiveCfg = Release|ARM
		{751206E9-6288-4758-94A8-7B8B159523F3}.Release|ARM.Build.0 = Release|ARM
		{751206E9-6288-4758-94A8-7B8B159523F3}.Release|ARM.Deploy.0 = Release|ARM
		{751206E9-6288-4758-94A8-7B8B159523F3}.Release|ARM64.ActiveCfg = Release|ARM64
		{751206E9-6288-4758-94A8-7B8B159523F3}.Release|ARM64.Build.0 = Release|ARM64
		{751206E9-6288-4758-94A8-7B8B159523F3}.Release|ARM64.Deploy.0 = Release|ARM64
		{751206E9-6288-4758-94A8-7B8B159523F3}.Release|x64.ActiveCfg = Release|x64
		{751206E9-6288-4758-94A8-7B8B159523F3}.Release|x64.Build.0 = Release|x64
		{751206E9-6288-4758-94A8-7B8B159523F3}.Release|x64.Deploy.0 = Release|x64
		{751206E9-6288-4758-94A8-7B8B159523F3}.Release|x86.ActiveCfg = Release|x86
		{751206E9-6288-4758-94A8-7B8B159523F3}.Release|x86.Build.0 = Release|x86
		{751206E9-6288-4758-94A8-7B8B159523F3}.Release|x86.Deploy.0 = Release|x86
	EndGlobalSection
	GlobalSection(SolutionProperties) = preSolution
		HideSolutionNode = FALSE
	EndGlobalSection
	GlobalSection(ExtensibilityGlobals) = postSolution
		SolutionGuid = {E9387B6C-53E9-43F1-B750-8019501BAE49}
	EndGlobalSection
EndGlobal
